
Microsoft Visual Studio Solution File, Format Version 12.00
# Visual Studio Version 17
VisualStudioVersion = 17.14.36221.1 d17.14
MinimumVisualStudioVersion = 10.0.40219.1
Project("{FAE04EC0-301F-11D3-BF4B-00C04F79EFBC}") = "2", "2\2.csproj", "{FDD39C81-627F-4131-8A56-4E88D0340F6A}"
EndProject
Global
	GlobalSection(SolutionConfigurationPlatforms) = preSolution
		Debug|Any CPU = Debug|Any CPU
		Release|Any CPU = Release|Any CPU
	EndGlobalSection
	GlobalSection(ProjectConfigurationPlatforms) = postSolution
		{FDD39C81-627F-4131-8A56-4E88D0340F6A}.Debug|Any CPU.ActiveCfg = Debug|Any CPU
		{FDD39C81-627F-4131-8A56-4E88D0340F6A}.Debug|Any CPU.Build.0 = Debug|Any CPU
		{FDD39C81-627F-4131-8A56-4E88D0340F6A}.Release|Any CPU.ActiveCfg = Release|Any CPU
		{FDD39C81-627F-4131-8A56-4E88D0340F6A}.Release|Any CPU.Build.0 = Release|Any CPU
	EndGlobalSection
	GlobalSection(SolutionProperties) = preSolution
		HideSolutionNode = FALSE
	EndGlobalSection
	GlobalSection(ExtensibilityGlobals) = postSolution
		SolutionGuid = {42B7CDE9-8E6E-4C36-985A-BAF8FEE01464}
	EndGlobalSection
EndGlobal
